{
  "name": "v0-project",
  "lockfileVersion": 3,
  "requires": true,
  "packages": {
    "": {
      "dependencies": {
        "leaflet-edgebuffer": "^1.0.7"
      }
    },
    "node_modules/leaflet-edgebuffer": {
      "version": "1.0.7",
      "resolved": "https://registry.npmjs.org/leaflet-edgebuffer/-/leaflet-edgebuffer-1.0.7.tgz",
      "integrity": "sha512-ayapUPbKJPTCNr50xYtYGJRfXTLIqs60goyHxCV3XREMqV4Ima8R3GUCKU/UIxzLPc+Be8U6yuxKqkBFoHE0Rw==",
      "license": "MIT"
    }
  }
}
